
Microsoft Visual Studio Solution File, Format Version 12.00
# Visual Studio Version 16
VisualStudioVersion = 16.0.31402.337
MinimumVisualStudioVersion = 10.0.40219.1
Project("{FAE04EC0-301F-11D3-BF4B-00C04F79EFBC}") = "ChineseCheckers", "ChineseCheckers\ChineseCheckers.csproj", "{196B6E56-1D53-4E97-8066-0E4BF93F777B}"
EndProject
Global
	GlobalSection(SolutionConfigurationPlatforms) = preSolution
		Debug|Any CPU = Debug|Any CPU
		Release|Any CPU = Release|Any CPU
	EndGlobalSection
	GlobalSection(ProjectConfigurationPlatforms) = postSolution
		{196B6E56-1D53-4E97-8066-0E4BF93F777B}.Debug|Any CPU.ActiveCfg = Debug|Any CPU
		{196B6E56-1D53-4E97-8066-0E4BF93F777B}.Debug|Any CPU.Build.0 = Debug|Any CPU
		{196B6E56-1D53-4E97-8066-0E4BF93F777B}.Release|Any CPU.ActiveCfg = Release|Any CPU
		{196B6E56-1D53-4E97-8066-0E4BF93F777B}.Release|Any CPU.Build.0 = Release|Any CPU
	EndGlobalSection
	GlobalSection(SolutionProperties) = preSolution
		HideSolutionNode = FALSE
	EndGlobalSection
	GlobalSection(ExtensibilityGlobals) = postSolution
		SolutionGuid = {50F77111-8D82-47F2-A13E-202865241D8B}
	EndGlobalSection
EndGlobal
